
Microsoft Visual Studio Solution File, Format Version 12.00
# Visual Studio 14
VisualStudioVersion = 14.0.25420.1
MinimumVisualStudioVersion = 10.0.40219.1
Project("{FAE04EC0-301F-11D3-BF4B-00C04F79EFBC}") = "binary", "binary\binary.csproj", "{EBD124E3-29D3-4C5A-BB02-B2008CE302FB}"
EndProject
Global
	GlobalSection(SolutionConfigurationPlatforms) = preSolution
		Debug|Any CPU = Debug|Any CPU
		Release|Any CPU = Release|Any CPU
	EndGlobalSection
	GlobalSection(ProjectConfigurationPlatforms) = postSolution
		{EBD124E3-29D3-4C5A-BB02-B2008CE302FB}.Debug|Any CPU.ActiveCfg = Debug|Any CPU
		{EBD124E3-29D3-4C5A-BB02-B2008CE302FB}.Debug|Any CPU.Build.0 = Debug|Any CPU
		{EBD124E3-29D3-4C5A-BB02-B2008CE302FB}.Release|Any CPU.ActiveCfg = Release|Any CPU
		{EBD124E3-29D3-4C5A-BB02-B2008CE302FB}.Release|Any CPU.Build.0 = Release|Any CPU
	EndGlobalSection
	GlobalSection(SolutionProperties) = preSolution
		HideSolutionNode = FALSE
	EndGlobalSection
EndGlobal
